// !$*UTF8*$!
{
	archiveVersion = 1;
	classes = {
	};
	objectVersion = 46;
	objects = {

/* Begin PBXBuildFile section */
		7E1628641B0D063600E461F2 /* main.m in Sources */ = {isa = PBXBuildFile; fileRef = 7E1628631B0D063600E461F2 /* main.m */; };
		7E1628671B0D063600E461F2 /* AppDelegate.m in Sources */ = {isa = PBXBuildFile; fileRef = 7E1628661B0D063600E461F2 /* AppDelegate.m */; };
		7E16286A1B0D063600E461F2 /* ViewController.m in Sources */ = {isa = PBXBuildFile; fileRef = 7E1628691B0D063600E461F2 /* ViewController.m */; };
		7E16286D1B0D063600E461F2 /* Main.storyboard in Resources */ = {isa = PBXBuildFile; fileRef = 7E16286B1B0D063600E461F2 /* Main.storyboard */; };
		7E16286F1B0D063600E461F2 /* Images.xcassets in Resources */ = {isa = PBXBuildFile; fileRef = 7E16286E1B0D063600E461F2 /* Images.xcassets */; };
		7E1628721B0D063600E461F2 /* LaunchScreen.xib in Resources */ = {isa = PBXBuildFile; fileRef = 7E1628701B0D063600E461F2 /* LaunchScreen.xib */; };
		7E16287E1B0D063600E461F2 /* HallOfFramesTests.m in Sources */ = {isa = PBXBuildFile; fileRef = 7E16287D1B0D063600E461F2 /* HallOfFramesTests.m */; };
		7E1628891B0D076E00E461F2 /* PictureCollectionViewCell.m in Sources */ = {isa = PBXBuildFile; fileRef = 7E1628881B0D076E00E461F2 /* PictureCollectionViewCell.m */; };
		7E16288C1B0D07E100E461F2 /* Picture.m in Sources */ = {isa = PBXBuildFile; fileRef = 7E16288B1B0D07E100E461F2 /* Picture.m */; };
		F997F58D1B0D15B000689632 /* CustomizationView.xib in Resources */ = {isa = PBXBuildFile; fileRef = F997F58C1B0D15B000689632 /* CustomizationView.xib */; };
		F997F5901B0D15EC00689632 /* CustomView.m in Sources */ = {isa = PBXBuildFile; fileRef = F997F58F1B0D15EC00689632 /* CustomView.m */; };
/* End PBXBuildFile section */

/* Begin PBXContainerItemProxy section */
		7E1628781B0D063600E461F2 /* PBXContainerItemProxy */ = {
			isa = PBXContainerItemProxy;
			containerPortal = 7E1628561B0D063600E461F2 /* Project object */;
			proxyType = 1;
			remoteGlobalIDString = 7E16285D1B0D063600E461F2;
			remoteInfo = HallOfFrames;
		};
/* End PBXContainerItemProxy section */

/* Begin PBXFileReference section */
		7E16285E1B0D063600E461F2 /* HallOfFrames.app */ = {isa = PBXFileReference; explicitFileType = wrapper.application; includeInIndex = 0; path = HallOfFrames.app; sourceTree = BUILT_PRODUCTS_DIR; };
		7E1628621B0D063600E461F2 /* Info.plist */ = {isa = PBXFileReference; lastKnownFileType = text.plist.xml; path = Info.plist; sourceTree = "<group>"; };
		7E1628631B0D063600E461F2 /* main.m */ = {isa = PBXFileReference; lastKnownFileType = sourcecode.c.objc; path = main.m; sourceTree = "<group>"; };
		7E1628651B0D063600E461F2 /* AppDelegate.h */ = {isa = PBXFileReference; lastKnownFileType = sourcecode.c.h; path = AppDelegate.h; sourceTree = "<group>"; };
		7E1628661B0D063600E461F2 /* AppDelegate.m */ = {isa = PBXFileReference; lastKnownFileType = sourcecode.c.objc; path = AppDelegate.m; sourceTree = "<group>"; };
		7E1628681B0D063600E461F2 /* ViewController.h */ = {isa = PBXFileReference; lastKnownFileType = sourcecode.c.h; path = ViewController.h; sourceTree = "<group>"; };
		7E1628691B0D063600E461F2 /* ViewController.m */ = {isa = PBXFileReference; lastKnownFileType = sourcecode.c.objc; path = ViewController.m; sourceTree = "<group>"; };
		7E16286C1B0D063600E461F2 /* Base */ = {isa = PBXFileReference; lastKnownFileType = file.storyboard; name = Base; path = Base.lproj/Main.storyboard; sourceTree = "<group>"; };
		7E16286E1B0D063600E461F2 /* Images.xcassets */ = {isa = PBXFileReference; lastKnownFileType = folder.assetcatalog; path = Images.xcassets; sourceTree = "<group>"; };
		7E1628711B0D063600E461F2 /* Base */ = {isa = PBXFileReference; lastKnownFileType = file.xib; name = Base; path = Base.lproj/LaunchScreen.xib; sourceTree = "<group>"; };
		7E1628771B0D063600E461F2 /* HallOfFramesTests.xctest */ = {isa = PBXFileReference; explicitFileType = wrapper.cfbundle; includeInIndex = 0; path = HallOfFramesTests.xctest; sourceTree = BUILT_PRODUCTS_DIR; };
		7E16287C1B0D063600E461F2 /* Info.plist */ = {isa = PBXFileReference; lastKnownFileType = text.plist.xml; path = Info.plist; sourceTree = "<group>"; };
		7E16287D1B0D063600E461F2 /* HallOfFramesTests.m */ = {isa = PBXFileReference; lastKnownFileType = sourcecode.c.objc; path = HallOfFramesTests.m; sourceTree = "<group>"; };
		7E1628871B0D076E00E461F2 /* PictureCollectionViewCell.h */ = {isa = PBXFileReference; fileEncoding = 4; lastKnownFileType = sourcecode.c.h; path = PictureCollectionViewCell.h; sourceTree = "<group>"; };
		7E1628881B0D076E00E461F2 /* PictureCollectionViewCell.m */ = {isa = PBXFileReference; fileEncoding = 4; lastKnownFileType = sourcecode.c.objc; path = PictureCollectionViewCell.m; sourceTree = "<group>"; };
		7E16288A1B0D07E100E461F2 /* Picture.h */ = {isa = PBXFileReference; fileEncoding = 4; lastKnownFileType = sourcecode.c.h; path = Picture.h; sourceTree = "<group>"; };
		7E16288B1B0D07E100E461F2 /* Picture.m */ = {isa = PBXFileReference; fileEncoding = 4; lastKnownFileType = sourcecode.c.objc; path = Picture.m; sourceTree = "<group>"; };
		F997F58C1B0D15B000689632 /* CustomizationView.xib */ = {isa = PBXFileReference; fileEncoding = 4; lastKnownFileType = file.xib; path = CustomizationView.xib; sourceTree = "<group>"; };
		F997F58E1B0D15EC00689632 /* CustomView.h */ = {isa = PBXFileReference; fileEncoding = 4; lastKnownFileType = sourcecode.c.h; path = CustomView.h; sourceTree = "<group>"; };
		F997F58F1B0D15EC00689632 /* CustomView.m */ = {isa = PBXFileReference; fileEncoding = 4; lastKnownFileType = sourcecode.c.objc; path = CustomView.m; sourceTree = "<group>"; };
/* End PBXFileReference section */

/* Begin PBXFrameworksBuildPhase section */
		7E16285B1B0D063600E461F2 /* Frameworks */ = {
			isa = PBXFrameworksBuildPhase;
			buildActionMask = 2147483647;
			files = (
			);
			runOnlyForDeploymentPostprocessing = 0;
		};
		7E1628741B0D063600E461F2 /* Frameworks */ = {
			isa = PBXFrameworksBuildPhase;
			buildActionMask = 2147483647;
			files = (
			);
			runOnlyForDeploymentPostprocessing = 0;
		};
/* End PBXFrameworksBuildPhase section */

/* Begin PBXGroup section */
		7E1628551B0D063600E461F2 = {
			isa = PBXGroup;
			children = (
				7E1628601B0D063600E461F2 /* HallOfFrames */,
				7E16287A1B0D063600E461F2 /* HallOfFramesTests */,
				7E16285F1B0D063600E461F2 /* Products */,
			);
			sourceTree = "<group>";
		};
		7E16285F1B0D063600E461F2 /* Products */ = {
			isa = PBXGroup;
			children = (
				7E16285E1B0D063600E461F2 /* HallOfFrames.app */,
				7E1628771B0D063600E461F2 /* HallOfFramesTests.xctest */,
			);
			name = Products;
			sourceTree = "<group>";
		};
		7E1628601B0D063600E461F2 /* HallOfFrames */ = {
			isa = PBXGroup;
			children = (
				7E1628651B0D063600E461F2 /* AppDelegate.h */,
				7E1628661B0D063600E461F2 /* AppDelegate.m */,
				7E1628681B0D063600E461F2 /* ViewController.h */,
				7E1628691B0D063600E461F2 /* ViewController.m */,
				F997F58C1B0D15B000689632 /* CustomizationView.xib */,
				F997F58E1B0D15EC00689632 /* CustomView.h */,
				F997F58F1B0D15EC00689632 /* CustomView.m */,
				7E1628871B0D076E00E461F2 /* PictureCollectionViewCell.h */,
				7E1628881B0D076E00E461F2 /* PictureCollectionViewCell.m */,
				7E16288A1B0D07E100E461F2 /* Picture.h */,
				7E16288B1B0D07E100E461F2 /* Picture.m */,
				7E16286B1B0D063600E461F2 /* Main.storyboard */,
				7E16286E1B0D063600E461F2 /* Images.xcassets */,
				7E1628701B0D063600E461F2 /* LaunchScreen.xib */,
				7E1628611B0D063600E461F2 /* Supporting Files */,
			);
			path = HallOfFrames;
			sourceTree = "<group>";
		};
		7E1628611B0D063600E461F2 /* Supporting Files */ = {
			isa = PBXGroup;
			children = (
				7E1628621B0D063600E461F2 /* Info.plist */,
				7E1628631B0D063600E461F2 /* main.m */,
			);
			name = "Supporting Files";
			sourceTree = "<group>";
		};
		7E16287A1B0D063600E461F2 /* HallOfFramesTests */ = {
			isa = PBXGroup;
			children = (
				7E16287D1B0D063600E461F2 /* HallOfFramesTests.m */,
				7E16287B1B0D063600E461F2 /* Supporting Files */,
			);
			path = HallOfFramesTests;
			sourceTree = "<group>";
		};
		7E16287B1B0D063600E461F2 /* Supporting Files */ = {
			isa = PBXGroup;
			children = (
				7E16287C1B0D063600E461F2 /* Info.plist */,
			);
			name = "Supporting Files";
			sourceTree = "<group>";
		};
/* End PBXGroup section */

/* Begin PBXNativeTarget section */
		7E16285D1B0D063600E461F2 /* HallOfFrames */ = {
			isa = PBXNativeTarget;
			buildConfigurationList = 7E1628811B0D063600E461F2 /* Build configuration list for PBXNativeTarget "HallOfFrames" */;
			buildPhases = (
				7E16285A1B0D063600E461F2 /* Sources */,
				7E16285B1B0D063600E461F2 /* Frameworks */,
				7E16285C1B0D063600E461F2 /* Resources */,
			);
			buildRules = (
			);
			dependencies = (
			);
			name = HallOfFrames;
			productName = HallOfFrames;
			productReference = 7E16285E1B0D063600E461F2 /* HallOfFrames.app */;
			productType = "com.apple.product-type.application";
		};
		7E1628761B0D063600E461F2 /* HallOfFramesTests */ = {
			isa = PBXNativeTarget;
			buildConfigurationList = 7E1628841B0D063600E461F2 /* Build configuration list for PBXNativeTarget "HallOfFramesTests" */;
			buildPhases = (
				7E1628731B0D063600E461F2 /* Sources */,
				7E1628741B0D063600E461F2 /* Frameworks */,
				7E1628751B0D063600E461F2 /* Resources */,
			);
			buildRules = (
			);
			dependencies = (
				7E1628791B0D063600E461F2 /* PBXTargetDependency */,
			);
			name = HallOfFramesTests;
			productName = HallOfFramesTests;
			productReference = 7E1628771B0D063600E461F2 /* HallOfFramesTests.xctest */;
			productType = "com.apple.product-type.bundle.unit-test";
		};
/* End PBXNativeTarget section */

/* Begin PBXProject section */
		7E1628561B0D063600E461F2 /* Project object */ = {
			isa = PBXProject;
			attributes = {
				LastUpgradeCheck = 0630;
				ORGANIZATIONNAME = "Bryon Finke";
				TargetAttributes = {
					7E16285D1B0D063600E461F2 = {
						CreatedOnToolsVersion = 6.3.1;
					};
					7E1628761B0D063600E461F2 = {
						CreatedOnToolsVersion = 6.3.1;
						TestTargetID = 7E16285D1B0D063600E461F2;
					};
				};
			};
			buildConfigurationList = 7E1628591B0D063600E461F2 /* Build configuration list for PBXProject "HallOfFrames" */;
			compatibilityVersion = "Xcode 3.2";
			developmentRegion = English;
			hasScannedForEncodings = 0;
			knownRegions = (
				en,
				Base,
			);
			mainGroup = 7E1628551B0D063600E461F2;
			productRefGroup = 7E16285F1B0D063600E461F2 /* Products */;
			projectDirPath = "";
			projectRoot = "";
			targets = (
				7E16285D1B0D063600E461F2 /* HallOfFrames */,
				7E1628761B0D063600E461F2 /* HallOfFramesTests */,
			);
		};
/* End PBXProject section */

/* Begin PBXResourcesBuildPhase section */
		7E16285C1B0D063600E461F2 /* Resources */ = {
			isa = PBXResourcesBuildPhase;
			buildActionMask = 2147483647;
			files = (
				7E16286D1B0D063600E461F2 /* Main.storyboard in Resources */,
				7E1628721B0D063600E461F2 /* LaunchScreen.xib in Resources */,
				F997F58D1B0D15B000689632 /* CustomizationView.xib in Resources */,
				7E16286F1B0D063600E461F2 /* Images.xcassets in Resources */,
			);
			runOnlyForDeploymentPostprocessing = 0;
		};
		7E1628751B0D063600E461F2 /* Resources */ = {
			isa = PBXResourcesBuildPhase;
			buildActionMask = 2147483647;
			files = (
			);
			runOnlyForDeploymentPostprocessing = 0;
		};
/* End PBXResourcesBuildPhase section */

/* Begin PBXSourcesBuildPhase section */
		7E16285A1B0D063600E461F2 /* Sources */ = {
			isa = PBXSourcesBuildPhase;
			buildActionMask = 2147483647;
			files = (
				7E16286A1B0D063600E461F2 /* ViewController.m in Sources */,
				7E16288C1B0D07E100E461F2 /* Picture.m in Sources */,
				7E1628891B0D076E00E461F2 /* PictureCollectionViewCell.m in Sources */,
				7E1628671B0D063600E461F2 /* AppDelegate.m in Sources */,
				7E1628641B0D063600E461F2 /* main.m in Sources */,
				F997F5901B0D15EC00689632 /* CustomView.m in Sources */,
			);
			runOnlyForDeploymentPostprocessing = 0;
		};
		7E1628731B0D063600E461F2 /* Sources */ = {
			isa = PBXSourcesBuildPhase;
			buildActionMask = 2147483647;
			files = (
				7E16287E1B0D063600E461F2 /* HallOfFramesTests.m in Sources */,
			);
			runOnlyForDeploymentPostprocessing = 0;
		};
/* End PBXSourcesBuildPhase section */

/* Begin PBXTargetDependency section */
		7E1628791B0D063600E461F2 /* PBXTargetDependency */ = {
			isa = PBXTargetDependency;
			target = 7E16285D1B0D063600E461F2 /* HallOfFrames */;
			targetProxy = 7E1628781B0D063600E461F2 /* PBXContainerItemProxy */;
		};
/* End PBXTargetDependency section */

/* Begin PBXVariantGroup section */
		7E16286B1B0D063600E461F2 /* Main.storyboard */ = {
			isa = PBXVariantGroup;
			children = (
				7E16286C1B0D063600E461F2 /* Base */,
			);
			name = Main.storyboard;
			sourceTree = "<group>";
		};
		7E1628701B0D063600E461F2 /* LaunchScreen.xib */ = {
			isa = PBXVariantGroup;
			children = (
				7E1628711B0D063600E461F2 /* Base */,
			);
			name = LaunchScreen.xib;
			sourceTree = "<group>";
		};
/* End PBXVariantGroup section */

/* Begin XCBuildConfiguration section */
		7E16287F1B0D063600E461F2 /* Debug */ = {
			isa = XCBuildConfiguration;
			buildSettings = {
				ALWAYS_SEARCH_USER_PATHS = NO;
				CLANG_CXX_LANGUAGE_STANDARD = "gnu++0x";
				CLANG_CXX_LIBRARY = "libc++";
				CLANG_ENABLE_MODULES = YES;
				CLANG_ENABLE_OBJC_ARC = YES;
				CLANG_WARN_BOOL_CONVERSION = YES;
				CLANG_WARN_CONSTANT_CONVERSION = YES;
				CLANG_WARN_DIRECT_OBJC_ISA_USAGE = YES_ERROR;
				CLANG_WARN_EMPTY_BODY = YES;
				CLANG_WARN_ENUM_CONVERSION = YES;
				CLANG_WARN_INT_CONVERSION = YES;
				CLANG_WARN_OBJC_ROOT_CLASS = YES_ERROR;
				CLANG_WARN_UNREACHABLE_CODE = YES;
				CLANG_WARN__DUPLICATE_METHOD_MATCH = YES;
				"CODE_SIGN_IDENTITY[sdk=iphoneos*]" = "iPhone Developer";
				COPY_PHASE_STRIP = NO;
				DEBUG_INFORMATION_FORMAT = "dwarf-with-dsym";
				ENABLE_STRICT_OBJC_MSGSEND = YES;
				GCC_C_LANGUAGE_STANDARD = gnu99;
				GCC_DYNAMIC_NO_PIC = NO;
				GCC_NO_COMMON_BLOCKS = YES;
				GCC_OPTIMIZATION_LEVEL = 0;
				GCC_PREPROCESSOR_DEFINITIONS = (
					"DEBUG=1",
					"$(inherited)",
				);
				GCC_SYMBOLS_PRIVATE_EXTERN = NO;
				GCC_WARN_64_TO_32_BIT_CONVERSION = YES;
				GCC_WARN_ABOUT_RETURN_TYPE = YES_ERROR;
				GCC_WARN_UNDECLARED_SELECTOR = YES;
				GCC_WARN_UNINITIALIZED_AUTOS = YES_AGGRESSIVE;
				GCC_WARN_UNUSED_FUNCTION = YES;
				GCC_WARN_UNUSED_VARIABLE = YES;
				IPHONEOS_DEPLOYMENT_TARGET = 8.3;
				MTL_ENABLE_DEBUG_INFO = YES;
				ONLY_ACTIVE_ARCH = YES;
				SDKROOT = iphoneos;
				TARGETED_DEVICE_FAMILY = "1,2";
			};
			name = Debug;
		};
		7E1628801B0D063600E461F2 /* Release */ = {
			isa = XCBuildConfiguration;
			buildSettings = {
				ALWAYS_SEARCH_USER_PATHS = NO;
				CLANG_CXX_LANGUAGE_STANDARD = "gnu++0x";
				CLANG_CXX_LIBRARY = "libc++";
				CLANG_ENABLE_MODULES = YES;
				CLANG_ENABLE_OBJC_ARC = YES;
				CLANG_WARN_BOOL_CONVERSION = YES;
				CLANG_WARN_CONSTANT_CONVERSION = YES;
				CLANG_WARN_DIRECT_OBJC_ISA_USAGE = YES_ERROR;
				CLANG_WARN_EMPTY_BODY = YES;
				CLANG_WARN_ENUM_CONVERSION = YES;
				CLANG_WARN_INT_CONVERSION = YES;
				CLANG_WARN_OBJC_ROOT_CLASS = YES_ERROR;
				CLANG_WARN_UNREACHABLE_CODE = YES;
				CLANG_WARN__DUPLICATE_METHOD_MATCH = YES;
				"CODE_SIGN_IDENTITY[sdk=iphoneos*]" = "iPhone Developer";
				COPY_PHASE_STRIP = NO;
				DEBUG_INFORMATION_FORMAT = "dwarf-with-dsym";
				ENABLE_NS_ASSERTIONS = NO;
				ENABLE_STRICT_OBJC_MSGSEND = YES;
				GCC_C_LANGUAGE_STANDARD = gnu99;
				GCC_NO_COMMON_BLOCKS = YES;
				GCC_WARN_64_TO_32_BIT_CONVERSION = YES;
				GCC_WARN_ABOUT_RETURN_TYPE = YES_ERROR;
				GCC_WARN_UNDECLARED_SELECTOR = YES;
				GCC_WARN_UNINITIALIZED_AUTOS = YES_AGGRESSIVE;
				GCC_WARN_UNUSED_FUNCTION = YES;
				GCC_WARN_UNUSED_VARIABLE = YES;
				IPHONEOS_DEPLOYMENT_TARGET = 8.3;
				MTL_ENABLE_DEBUG_INFO = NO;
				SDKROOT = iphoneos;
				TARGETED_DEVICE_FAMILY = "1,2";
				VALIDATE_PRODUCT = YES;
			};
			name = Release;
		};
		7E1628821B0D063600E461F2 /* Debug */ = {
			isa = XCBuildConfiguration;
			buildSettings = {
				ASSETCATALOG_COMPILER_APPICON_NAME = AppIcon;
				INFOPLIST_FILE = HallOfFrames/Info.plist;
				LD_RUNPATH_SEARCH_PATHS = "$(inherited) @executable_path/Frameworks";
				PRODUCT_NAME = "$(TARGET_NAME)";
			};
			name = Debug;
		};
		7E1628831B0D063600E461F2 /* Release */ = {
			isa = XCBuildConfiguration;
			buildSettings = {
				ASSETCATALOG_COMPILER_APPICON_NAME = AppIcon;
				INFOPLIST_FILE = HallOfFrames/Info.plist;
				LD_RUNPATH_SEARCH_PATHS = "$(inherited) @executable_path/Frameworks";
				PRODUCT_NAME = "$(TARGET_NAME)";
			};
			name = Release;
		};
		7E1628851B0D063600E461F2 /* Debug */ = {
			isa = XCBuildConfiguration;
			buildSettings = {
				BUNDLE_LOADER = "$(TEST_HOST)";
				FRAMEWORK_SEARCH_PATHS = (
					"$(SDKROOT)/Developer/Library/Frameworks",
					"$(inherited)",
				);
				GCC_PREPROCESSOR_DEFINITIONS = (
					"DEBUG=1",
					"$(inherited)",
				);
				INFOPLIST_FILE = HallOfFramesTests/Info.plist;
				LD_RUNPATH_SEARCH_PATHS = "$(inherited) @executable_path/Frameworks @loader_path/Frameworks";
				PRODUCT_NAME = "$(TARGET_NAME)";
				TEST_HOST = "$(BUILT_PRODUCTS_DIR)/HallOfFrames.app/HallOfFrames";
			};
			name = Debug;
		};
		7E1628861B0D063600E461F2 /* Release */ = {
			isa = XCBuildConfiguration;
			buildSettings = {
				BUNDLE_LOADER = "$(TEST_HOST)";
				FRAMEWORK_SEARCH_PATHS = (
					"$(SDKROOT)/Developer/Library/Frameworks",
					"$(inherited)",
				);
				INFOPLIST_FILE = HallOfFramesTests/Info.plist;
				LD_RUNPATH_SEARCH_PATHS = "$(inherited) @executable_path/Frameworks @loader_path/Frameworks";
				PRODUCT_NAME = "$(TARGET_NAME)";
				TEST_HOST = "$(BUILT_PRODUCTS_DIR)/HallOfFrames.app/HallOfFrames";
			};
			name = Release;
		};
/* End XCBuildConfiguration section */

/* Begin XCConfigurationList section */
		7E1628591B0D063600E461F2 /* Build configuration list for PBXProject "HallOfFrames" */ = {
			isa = XCConfigurationList;
			buildConfigurations = (
				7E16287F1B0D063600E461F2 /* Debug */,
				7E1628801B0D063600E461F2 /* Release */,
			);
			defaultConfigurationIsVisible = 0;
			defaultConfigurationName = Release;
		};
		7E1628811B0D063600E461F2 /* Build configuration list for PBXNativeTarget "HallOfFrames" */ = {
			isa = XCConfigurationList;
			buildConfigurations = (
				7E1628821B0D063600E461F2 /* Debug */,
				7E1628831B0D063600E461F2 /* Release */,
			);
			defaultConfigurationIsVisible = 0;
			defaultConfigurationName = Release;
		};
		7E1628841B0D063600E461F2 /* Build configuration list for PBXNativeTarget "HallOfFramesTests" */ = {
			isa = XCConfigurationList;
			buildConfigurations = (
				7E1628851B0D063600E461F2 /* Debug */,
				7E1628861B0D063600E461F2 /* Release */,
			);
			defaultConfigurationIsVisible = 0;
			defaultConfigurationName = Release;
		};
/* End XCConfigurationList section */
	};
	rootObject = 7E1628561B0D063600E461F2 /* Project object */;
}
